# THIS IS AN AUTOGENERATED FILE. DO NOT EDIT THIS FILE DIRECTLY.
# yarn lockfile v1


"@hookform/resolvers@^5.9.1":
  version "5.9.1"
  resolved "https://registry.yarnpkg.com/@hookform/resolvers/-/resolvers-5.9.1.tgz#2010c1b542ce6fa75fa5d8fee5cc911ece009f5c"
  integrity sha512-7b7vsbraJxKgjVSA1Nur9tLwj539WGJUBLA7QNvXnFoT2pM5Z7G+6rlukk4B2/QrTZy6huRtH6wKeESPKuIr6w==
  dependencies:
    "@standard-schema/utils" "^0.3.0"

"@standard-schema/utils@^0.3.0":
  version "0.3.0"
  resolved "https://registry.yarnpkg.com/@standard-schema/utils/-/utils-0.3.0.tgz#3d5e608f16c2390c10528e98e59aef6bf73cae7b"
  integrity sha512-e7Mew686owMaPJVNNLs55PUvgz371nKgwsc4vxE49zsODpJEnxgxRo2y/OKrqueavXgZNMDVj3DdHFlaSAeU8g==

react-hook-form@^7.85.0:
  version "7.85.0"
  resolved "https://registry.yarnpkg.com/react-hook-form/-/react-hook-form-7.85.0.tgz#45b95cc794f9ed752ffc9121cc6ddcc92e97acf0"
  integrity sha512-U2MTriFXnclmV4rOE20p2DcRFv5WEg3FIcBFOKcOLFHDVvGIMPvLTkTWefUsonmlaVy23khVDxDWym6uJVGOzw==

zod@^4.4.3:
  version "4.4.3"
  resolved "https://registry.yarnpkg.com/zod/-/zod-4.4.3.tgz#b680f172885d18bbebf21a834ea25e55a1bbf356"
  integrity sha512-ytENFjIJFl2UwYglde2jchW2Hwm4GJFLDiSXWdTrJQBIN9Fcyp7n4DhxJEiWNAJMV1/BqWfW/kkg71UDcHJyTQ==
